
Microsoft Visual Studio Solution File, Format Version 12.00
# Visual Studio Version 17
VisualStudioVersion = 17.4.33213.308
MinimumVisualStudioVersion = 10.0.40219.1
Project("{FAE04EC0-301F-11D3-BF4B-00C04F79EFBC}") = "BinaryFile", "BinaryFile\BinaryFile.csproj", "{A44BBFEB-E7CF-4861-9455-AD68E5A285E3}"
EndProject
Project("{FAE04EC0-301F-11D3-BF4B-00C04F79EFBC}") = "BinaryModel", "BinaryModel\BinaryModel.csproj", "{7952448B-5A92-44DF-B70E-E5061FC7E811}"
EndProject
Project("{FAE04EC0-301F-11D3-BF4B-00C04F79EFBC}") = "Tests", "Tests\Tests.csproj", "{59015946-399C-4E98-98C6-310355DAD3D4}"
EndProject
Global
	GlobalSection(SolutionConfigurationPlatforms) = preSolution
		Debug|Any CPU = Debug|Any CPU
		Release|Any CPU = Release|Any CPU
	EndGlobalSection
	GlobalSection(ProjectConfigurationPlatforms) = postSolution
		{A44BBFEB-E7CF-4861-9455-AD68E5A285E3}.Debug|Any CPU.ActiveCfg = Debug|Any CPU
		{A44BBFEB-E7CF-4861-9455-AD68E5A285E3}.Debug|Any CPU.Build.0 = Debug|Any CPU
		{A44BBFEB-E7CF-4861-9455-AD68E5A285E3}.Release|Any CPU.ActiveCfg = Release|Any CPU
		{A44BBFEB-E7CF-4861-9455-AD68E5A285E3}.Release|Any CPU.Build.0 = Release|Any CPU
		{7952448B-5A92-44DF-B70E-E5061FC7E811}.Debug|Any CPU.ActiveCfg = Debug|Any CPU
		{7952448B-5A92-44DF-B70E-E5061FC7E811}.Debug|Any CPU.Build.0 = Debug|Any CPU
		{7952448B-5A92-44DF-B70E-E5061FC7E811}.Release|Any CPU.ActiveCfg = Release|Any CPU
		{7952448B-5A92-44DF-B70E-E5061FC7E811}.Release|Any CPU.Build.0 = Release|Any CPU
		{59015946-399C-4E98-98C6-310355DAD3D4}.Debug|Any CPU.ActiveCfg = Debug|Any CPU
		{59015946-399C-4E98-98C6-310355DAD3D4}.Debug|Any CPU.Build.0 = Debug|Any CPU
		{59015946-399C-4E98-98C6-310355DAD3D4}.Release|Any CPU.ActiveCfg = Release|Any CPU
		{59015946-399C-4E98-98C6-310355DAD3D4}.Release|Any CPU.Build.0 = Release|Any CPU
	EndGlobalSection
	GlobalSection(SolutionProperties) = preSolution
		HideSolutionNode = FALSE
	EndGlobalSection
	GlobalSection(ExtensibilityGlobals) = postSolution
		SolutionGuid = {A3E7A35B-CCEC-4BC4-860B-D04E28784419}
	EndGlobalSection
EndGlobal
